
Microsoft Visual Studio Solution File, Format Version 12.00
# Visual Studio Version 17
VisualStudioVersion = 17.7.34031.279
MinimumVisualStudioVersion = 10.0.40219.1
Project("{FAE04EC0-301F-11D3-BF4B-00C04F79EFBC}") = "Demo", "Demo\Demo.csproj", "{0E16F5D7-BF3F-41DD-BEFE-A748056DDF47}"
EndProject
Project("{FAE04EC0-301F-11D3-BF4B-00C04F79EFBC}") = "ArraysAndLoops", "ArraysAndLoops\ArraysAndLoops.csproj", "{8974E06F-A399-4EC6-8A04-1F8F2AB6D27A}"
EndProject
Global
	GlobalSection(SolutionConfigurationPlatforms) = preSolution
		Debug|Any CPU = Debug|Any CPU
		Release|Any CPU = Release|Any CPU
	EndGlobalSection
	GlobalSection(ProjectConfigurationPlatforms) = postSolution
		{0E16F5D7-BF3F-41DD-BEFE-A748056DDF47}.Debug|Any CPU.ActiveCfg = Debug|Any CPU
		{0E16F5D7-BF3F-41DD-BEFE-A748056DDF47}.Debug|Any CPU.Build.0 = Debug|Any CPU
		{0E16F5D7-BF3F-41DD-BEFE-A748056DDF47}.Release|Any CPU.ActiveCfg = Release|Any CPU
		{0E16F5D7-BF3F-41DD-BEFE-A748056DDF47}.Release|Any CPU.Build.0 = Release|Any CPU
		{8974E06F-A399-4EC6-8A04-1F8F2AB6D27A}.Debug|Any CPU.ActiveCfg = Debug|Any CPU
		{8974E06F-A399-4EC6-8A04-1F8F2AB6D27A}.Debug|Any CPU.Build.0 = Debug|Any CPU
		{8974E06F-A399-4EC6-8A04-1F8F2AB6D27A}.Release|Any CPU.ActiveCfg = Release|Any CPU
		{8974E06F-A399-4EC6-8A04-1F8F2AB6D27A}.Release|Any CPU.Build.0 = Release|Any CPU
	EndGlobalSection
	GlobalSection(SolutionProperties) = preSolution
		HideSolutionNode = FALSE
	EndGlobalSection
	GlobalSection(ExtensibilityGlobals) = postSolution
		SolutionGuid = {4653FD01-92C3-41C6-A70A-84D978DA89C9}
	EndGlobalSection
EndGlobal
