
Microsoft Visual Studio Solution File, Format Version 12.00
# Visual Studio Version 17
VisualStudioVersion = 17.0.31903.59
MinimumVisualStudioVersion = 10.0.40219.1
Project("{9A19103F-16F7-4668-BE54-9A1E7A4F7556}") = "WednesdayDemo", "WednesdayDemo\WednesdayDemo.csproj", "{0B833944-A587-4D1D-A660-23CEFEDC0C1F}"
EndProject
Project("{FAE04EC0-301F-11D3-BF4B-00C04F79EFBC}") = "AbstractClass", "AbstractClass\AbstractClass.csproj", "{F3D8E8BC-FA8F-44C4-A4F0-1A07BC2FB14F}"
EndProject
Project("{FAE04EC0-301F-11D3-BF4B-00C04F79EFBC}") = "InterfaceDemo", "InterfaceDemo\InterfaceDemo.csproj", "{8F4C7374-5AD6-4384-B053-F4CD8B33A9D0}"
EndProject
Global
	GlobalSection(SolutionConfigurationPlatforms) = preSolution
		Debug|Any CPU = Debug|Any CPU
		Release|Any CPU = Release|Any CPU
	EndGlobalSection
	GlobalSection(ProjectConfigurationPlatforms) = postSolution
		{0B833944-A587-4D1D-A660-23CEFEDC0C1F}.Debug|Any CPU.ActiveCfg = Debug|Any CPU
		{0B833944-A587-4D1D-A660-23CEFEDC0C1F}.Debug|Any CPU.Build.0 = Debug|Any CPU
		{0B833944-A587-4D1D-A660-23CEFEDC0C1F}.Release|Any CPU.ActiveCfg = Release|Any CPU
		{0B833944-A587-4D1D-A660-23CEFEDC0C1F}.Release|Any CPU.Build.0 = Release|Any CPU
		{F3D8E8BC-FA8F-44C4-A4F0-1A07BC2FB14F}.Debug|Any CPU.ActiveCfg = Debug|Any CPU
		{F3D8E8BC-FA8F-44C4-A4F0-1A07BC2FB14F}.Debug|Any CPU.Build.0 = Debug|Any CPU
		{F3D8E8BC-FA8F-44C4-A4F0-1A07BC2FB14F}.Release|Any CPU.ActiveCfg = Release|Any CPU
		{F3D8E8BC-FA8F-44C4-A4F0-1A07BC2FB14F}.Release|Any CPU.Build.0 = Release|Any CPU
		{8F4C7374-5AD6-4384-B053-F4CD8B33A9D0}.Debug|Any CPU.ActiveCfg = Debug|Any CPU
		{8F4C7374-5AD6-4384-B053-F4CD8B33A9D0}.Debug|Any CPU.Build.0 = Debug|Any CPU
		{8F4C7374-5AD6-4384-B053-F4CD8B33A9D0}.Release|Any CPU.ActiveCfg = Release|Any CPU
		{8F4C7374-5AD6-4384-B053-F4CD8B33A9D0}.Release|Any CPU.Build.0 = Release|Any CPU
	EndGlobalSection
	GlobalSection(SolutionProperties) = preSolution
		HideSolutionNode = FALSE
	EndGlobalSection
	GlobalSection(ExtensibilityGlobals) = postSolution
		SolutionGuid = {048F9747-5BD1-4348-AB0B-49568CCAEB38}
	EndGlobalSection
EndGlobal
