
Microsoft Visual Studio Solution File, Format Version 12.00
# Visual Studio Version 17
VisualStudioVersion = 17.7.34221.43
MinimumVisualStudioVersion = 10.0.40219.1
Project("{9A19103F-16F7-4668-BE54-9A1E7A4F7556}") = "Theater-RP", "Theater-RP\Theater-RP.csproj", "{F471D8F5-5A56-488A-A369-A1C6A02B9420}"
EndProject
Global
	GlobalSection(SolutionConfigurationPlatforms) = preSolution
		Debug|Any CPU = Debug|Any CPU
		Release|Any CPU = Release|Any CPU
	EndGlobalSection
	GlobalSection(ProjectConfigurationPlatforms) = postSolution
		{F471D8F5-5A56-488A-A369-A1C6A02B9420}.Debug|Any CPU.ActiveCfg = Debug|Any CPU
		{F471D8F5-5A56-488A-A369-A1C6A02B9420}.Debug|Any CPU.Build.0 = Debug|Any CPU
		{F471D8F5-5A56-488A-A369-A1C6A02B9420}.Release|Any CPU.ActiveCfg = Release|Any CPU
		{F471D8F5-5A56-488A-A369-A1C6A02B9420}.Release|Any CPU.Build.0 = Release|Any CPU
	EndGlobalSection
	GlobalSection(SolutionProperties) = preSolution
		HideSolutionNode = FALSE
	EndGlobalSection
	GlobalSection(ExtensibilityGlobals) = postSolution
		SolutionGuid = {751FC94C-BB6C-4FA7-96F5-20F5EF6694E6}
	EndGlobalSection
EndGlobal
