
Microsoft Visual Studio Solution File, Format Version 12.00
# Visual Studio Version 17
VisualStudioVersion = 17.0.31903.59
MinimumVisualStudioVersion = 10.0.40219.1
Project("{9A19103F-16F7-4668-BE54-9A1E7A4F7556}") = "WednesdayDemo", "WednesdayDemo\WednesdayDemo.csproj", "{CA933D54-357F-4E4B-A295-CAB8AC00DB79}"
EndProject
Project("{FAE04EC0-301F-11D3-BF4B-00C04F79EFBC}") = "Unit5Constructors", "Unit5Constructors\Unit5Constructors.csproj", "{3B5DD5F1-DD81-445C-A6D3-369AC940096B}"
EndProject
Project("{FAE04EC0-301F-11D3-BF4B-00C04F79EFBC}") = "Unit7Exceptions", "Unit7Exceptions\Unit7Exceptions.csproj", "{668320D5-CDAF-43E4-B74A-8B646EAC6952}"
EndProject
Global
	GlobalSection(SolutionConfigurationPlatforms) = preSolution
		Debug|Any CPU = Debug|Any CPU
		Release|Any CPU = Release|Any CPU
	EndGlobalSection
	GlobalSection(ProjectConfigurationPlatforms) = postSolution
		{CA933D54-357F-4E4B-A295-CAB8AC00DB79}.Debug|Any CPU.ActiveCfg = Debug|Any CPU
		{CA933D54-357F-4E4B-A295-CAB8AC00DB79}.Debug|Any CPU.Build.0 = Debug|Any CPU
		{CA933D54-357F-4E4B-A295-CAB8AC00DB79}.Release|Any CPU.ActiveCfg = Release|Any CPU
		{CA933D54-357F-4E4B-A295-CAB8AC00DB79}.Release|Any CPU.Build.0 = Release|Any CPU
		{3B5DD5F1-DD81-445C-A6D3-369AC940096B}.Debug|Any CPU.ActiveCfg = Debug|Any CPU
		{3B5DD5F1-DD81-445C-A6D3-369AC940096B}.Debug|Any CPU.Build.0 = Debug|Any CPU
		{3B5DD5F1-DD81-445C-A6D3-369AC940096B}.Release|Any CPU.ActiveCfg = Release|Any CPU
		{3B5DD5F1-DD81-445C-A6D3-369AC940096B}.Release|Any CPU.Build.0 = Release|Any CPU
		{668320D5-CDAF-43E4-B74A-8B646EAC6952}.Debug|Any CPU.ActiveCfg = Debug|Any CPU
		{668320D5-CDAF-43E4-B74A-8B646EAC6952}.Debug|Any CPU.Build.0 = Debug|Any CPU
		{668320D5-CDAF-43E4-B74A-8B646EAC6952}.Release|Any CPU.ActiveCfg = Release|Any CPU
		{668320D5-CDAF-43E4-B74A-8B646EAC6952}.Release|Any CPU.Build.0 = Release|Any CPU
	EndGlobalSection
	GlobalSection(SolutionProperties) = preSolution
		HideSolutionNode = FALSE
	EndGlobalSection
	GlobalSection(ExtensibilityGlobals) = postSolution
		SolutionGuid = {7E666E6D-22F9-46B4-A9BC-123DBCF1681A}
	EndGlobalSection
EndGlobal
