
Microsoft Visual Studio Solution File, Format Version 12.00
# Visual Studio Version 17
VisualStudioVersion = 17.0.31903.59
MinimumVisualStudioVersion = 10.0.40219.1
Project("{9A19103F-16F7-4668-BE54-9A1E7A4F7556}") = "MyMathTester", "MyMathTester\MyMathTester.csproj", "{5C8560D9-437D-4E0D-9D0F-9DF3BFEC70C5}"
EndProject
Project("{9A19103F-16F7-4668-BE54-9A1E7A4F7556}") = "MyMath", "MyMath\MyMath.csproj", "{E072C758-2457-45A7-94DC-E4032AC8A9AB}"
EndProject
Project("{9A19103F-16F7-4668-BE54-9A1E7A4F7556}") = "MyMathTests", "MyMathTests\MyMathTests.csproj", "{F86E22F1-6DDC-4414-B870-6505462BBAA3}"
EndProject
Project("{9A19103F-16F7-4668-BE54-9A1E7A4F7556}") = "BubbleSort", "BubbleSort\BubbleSort.csproj", "{2B1ACC95-D8E2-4170-8831-32307AEB14F8}"
EndProject
Project("{FAE04EC0-301F-11D3-BF4B-00C04F79EFBC}") = "Factorial", "Factorial\Factorial.csproj", "{7668CF95-A8EC-4654-BDBC-62EEEC8147FA}"
EndProject
Global
	GlobalSection(SolutionConfigurationPlatforms) = preSolution
		Debug|Any CPU = Debug|Any CPU
		Release|Any CPU = Release|Any CPU
	EndGlobalSection
	GlobalSection(ProjectConfigurationPlatforms) = postSolution
		{5C8560D9-437D-4E0D-9D0F-9DF3BFEC70C5}.Debug|Any CPU.ActiveCfg = Debug|Any CPU
		{5C8560D9-437D-4E0D-9D0F-9DF3BFEC70C5}.Debug|Any CPU.Build.0 = Debug|Any CPU
		{5C8560D9-437D-4E0D-9D0F-9DF3BFEC70C5}.Release|Any CPU.ActiveCfg = Release|Any CPU
		{5C8560D9-437D-4E0D-9D0F-9DF3BFEC70C5}.Release|Any CPU.Build.0 = Release|Any CPU
		{E072C758-2457-45A7-94DC-E4032AC8A9AB}.Debug|Any CPU.ActiveCfg = Debug|Any CPU
		{E072C758-2457-45A7-94DC-E4032AC8A9AB}.Debug|Any CPU.Build.0 = Debug|Any CPU
		{E072C758-2457-45A7-94DC-E4032AC8A9AB}.Release|Any CPU.ActiveCfg = Release|Any CPU
		{E072C758-2457-45A7-94DC-E4032AC8A9AB}.Release|Any CPU.Build.0 = Release|Any CPU
		{F86E22F1-6DDC-4414-B870-6505462BBAA3}.Debug|Any CPU.ActiveCfg = Debug|Any CPU
		{F86E22F1-6DDC-4414-B870-6505462BBAA3}.Debug|Any CPU.Build.0 = Debug|Any CPU
		{F86E22F1-6DDC-4414-B870-6505462BBAA3}.Release|Any CPU.ActiveCfg = Release|Any CPU
		{F86E22F1-6DDC-4414-B870-6505462BBAA3}.Release|Any CPU.Build.0 = Release|Any CPU
		{2B1ACC95-D8E2-4170-8831-32307AEB14F8}.Debug|Any CPU.ActiveCfg = Debug|Any CPU
		{2B1ACC95-D8E2-4170-8831-32307AEB14F8}.Debug|Any CPU.Build.0 = Debug|Any CPU
		{2B1ACC95-D8E2-4170-8831-32307AEB14F8}.Release|Any CPU.ActiveCfg = Release|Any CPU
		{2B1ACC95-D8E2-4170-8831-32307AEB14F8}.Release|Any CPU.Build.0 = Release|Any CPU
		{7668CF95-A8EC-4654-BDBC-62EEEC8147FA}.Debug|Any CPU.ActiveCfg = Debug|Any CPU
		{7668CF95-A8EC-4654-BDBC-62EEEC8147FA}.Debug|Any CPU.Build.0 = Debug|Any CPU
		{7668CF95-A8EC-4654-BDBC-62EEEC8147FA}.Release|Any CPU.ActiveCfg = Release|Any CPU
		{7668CF95-A8EC-4654-BDBC-62EEEC8147FA}.Release|Any CPU.Build.0 = Release|Any CPU
	EndGlobalSection
	GlobalSection(SolutionProperties) = preSolution
		HideSolutionNode = FALSE
	EndGlobalSection
	GlobalSection(ExtensibilityGlobals) = postSolution
		SolutionGuid = {B79E965D-DF81-4BA9-A613-2DFFA2ED8683}
	EndGlobalSection
EndGlobal
