
Microsoft Visual Studio Solution File, Format Version 12.00
# Visual Studio Version 17
VisualStudioVersion = 17.7.34031.279
MinimumVisualStudioVersion = 10.0.40219.1
Project("{FAE04EC0-301F-11D3-BF4B-00C04F79EFBC}") = "WorkflowDemo", "WorkflowDemo\WorkflowDemo.csproj", "{4750894A-FEB5-49B1-8C70-08613D2891CA}"
EndProject
Global
	GlobalSection(SolutionConfigurationPlatforms) = preSolution
		Debug|Any CPU = Debug|Any CPU
		Release|Any CPU = Release|Any CPU
	EndGlobalSection
	GlobalSection(ProjectConfigurationPlatforms) = postSolution
		{4750894A-FEB5-49B1-8C70-08613D2891CA}.Debug|Any CPU.ActiveCfg = Debug|Any CPU
		{4750894A-FEB5-49B1-8C70-08613D2891CA}.Debug|Any CPU.Build.0 = Debug|Any CPU
		{4750894A-FEB5-49B1-8C70-08613D2891CA}.Release|Any CPU.ActiveCfg = Release|Any CPU
		{4750894A-FEB5-49B1-8C70-08613D2891CA}.Release|Any CPU.Build.0 = Release|Any CPU
	EndGlobalSection
	GlobalSection(SolutionProperties) = preSolution
		HideSolutionNode = FALSE
	EndGlobalSection
	GlobalSection(ExtensibilityGlobals) = postSolution
		SolutionGuid = {5BBEE061-6739-4EBB-BB61-02B4564DBE2F}
	EndGlobalSection
EndGlobal
