
Microsoft Visual Studio Solution File, Format Version 12.00
# Visual Studio Version 17
VisualStudioVersion = 17.0.31903.59
MinimumVisualStudioVersion = 10.0.40219.1
Project("{9A19103F-16F7-4668-BE54-9A1E7A4F7556}") = "ConfigDemo", "ConfigDemo\ConfigDemo.csproj", "{97724560-60BA-4889-B884-53061EF3CD62}"
EndProject
Project("{FAE04EC0-301F-11D3-BF4B-00C04F79EFBC}") = "FactoryDemo", "FactoryDemo\FactoryDemo.csproj", "{6855831B-911E-47E2-B7A2-A2B81E0A9BBE}"
EndProject
Global
	GlobalSection(SolutionConfigurationPlatforms) = preSolution
		Debug|Any CPU = Debug|Any CPU
		Release|Any CPU = Release|Any CPU
	EndGlobalSection
	GlobalSection(ProjectConfigurationPlatforms) = postSolution
		{97724560-60BA-4889-B884-53061EF3CD62}.Debug|Any CPU.ActiveCfg = Debug|Any CPU
		{97724560-60BA-4889-B884-53061EF3CD62}.Debug|Any CPU.Build.0 = Debug|Any CPU
		{97724560-60BA-4889-B884-53061EF3CD62}.Release|Any CPU.ActiveCfg = Release|Any CPU
		{97724560-60BA-4889-B884-53061EF3CD62}.Release|Any CPU.Build.0 = Release|Any CPU
		{6855831B-911E-47E2-B7A2-A2B81E0A9BBE}.Debug|Any CPU.ActiveCfg = Debug|Any CPU
		{6855831B-911E-47E2-B7A2-A2B81E0A9BBE}.Debug|Any CPU.Build.0 = Debug|Any CPU
		{6855831B-911E-47E2-B7A2-A2B81E0A9BBE}.Release|Any CPU.ActiveCfg = Release|Any CPU
		{6855831B-911E-47E2-B7A2-A2B81E0A9BBE}.Release|Any CPU.Build.0 = Release|Any CPU
	EndGlobalSection
	GlobalSection(SolutionProperties) = preSolution
		HideSolutionNode = FALSE
	EndGlobalSection
	GlobalSection(ExtensibilityGlobals) = postSolution
		SolutionGuid = {04B2EEA8-ACCD-440A-9574-6FB752D8945D}
	EndGlobalSection
EndGlobal
