
Microsoft Visual Studio Solution File, Format Version 12.00
# Visual Studio Version 17
VisualStudioVersion = 17.7.34031.279
MinimumVisualStudioVersion = 10.0.40219.1
Project("{FAE04EC0-301F-11D3-BF4B-00C04F79EFBC}") = "Demo9-27", "Demo9-27\Demo9-27.csproj", "{84C7EC66-698B-4ACE-868D-C871780DAD05}"
EndProject
Global
	GlobalSection(SolutionConfigurationPlatforms) = preSolution
		Debug|Any CPU = Debug|Any CPU
		Release|Any CPU = Release|Any CPU
	EndGlobalSection
	GlobalSection(ProjectConfigurationPlatforms) = postSolution
		{84C7EC66-698B-4ACE-868D-C871780DAD05}.Debug|Any CPU.ActiveCfg = Debug|Any CPU
		{84C7EC66-698B-4ACE-868D-C871780DAD05}.Debug|Any CPU.Build.0 = Debug|Any CPU
		{84C7EC66-698B-4ACE-868D-C871780DAD05}.Release|Any CPU.ActiveCfg = Release|Any CPU
		{84C7EC66-698B-4ACE-868D-C871780DAD05}.Release|Any CPU.Build.0 = Release|Any CPU
	EndGlobalSection
	GlobalSection(SolutionProperties) = preSolution
		HideSolutionNode = FALSE
	EndGlobalSection
	GlobalSection(ExtensibilityGlobals) = postSolution
		SolutionGuid = {3829FE0C-D346-4E56-9FD3-13DD2EC65205}
	EndGlobalSection
EndGlobal
